// !$*UTF8*$!
{
	archiveVersion = 1;
	classes = {
	};
	objectVersion = 50;
	objects = {

/* Begin PBXBuildFile section */
		84074369285057ED0081B718 /* AppDelegate.swift in Sources */ = {isa = PBXBuildFile; fileRef = 84074368285057ED0081B718 /* AppDelegate.swift */; };
		8407436B285057ED0081B718 /* SceneDelegate.swift in Sources */ = {isa = PBXBuildFile; fileRef = 8407436A285057ED0081B718 /* SceneDelegate.swift */; };
		8407436D285057ED0081B718 /* ContentView.swift in Sources */ = {isa = PBXBuildFile; fileRef = 8407436C285057ED0081B718 /* ContentView.swift */; };
		8407436F285057F90081B718 /* Assets.xcassets in Resources */ = {isa = PBXBuildFile; fileRef = 8407436E285057F90081B718 /* Assets.xcassets */; };
		84074372285057F90081B718 /* Preview Assets.xcassets in Resources */ = {isa = PBXBuildFile; fileRef = 84074371285057F90081B718 /* Preview Assets.xcassets */; };
		84074375285057F90081B718 /* LaunchScreen.storyboard in Resources */ = {isa = PBXBuildFile; fileRef = 84074373285057F90081B718 /* LaunchScreen.storyboard */; };
		84074380285057F90081B718 /* iBeaconTests.swift in Sources */ = {isa = PBXBuildFile; fileRef = 8407437F285057F90081B718 /* iBeaconTests.swift */; };
		8407438B285057FA0081B718 /* iBeaconUITests.swift in Sources */ = {isa = PBXBuildFile; fileRef = 8407438A285057FA0081B718 /* iBeaconUITests.swift */; };
/* End PBXBuildFile section */

/* Begin PBXContainerItemProxy section */
		8407437C285057F90081B718 /* PBXContainerItemProxy */ = {
			isa = PBXContainerItemProxy;
			containerPortal = 8407435D285057EB0081B718 /* Project object */;
			proxyType = 1;
			remoteGlobalIDString = 84074364285057EC0081B718;
			remoteInfo = iBeacon;
		};
		84074387285057FA0081B718 /* PBXContainerItemProxy */ = {
			isa = PBXContainerItemProxy;
			containerPortal = 8407435D285057EB0081B718 /* Project object */;
			proxyType = 1;
			remoteGlobalIDString = 84074364285057EC0081B718;
			remoteInfo = iBeacon;
		};
/* End PBXContainerItemProxy section */

/* Begin PBXFileReference section */
		84074365285057EC0081B718 /* iBeacon.app */ = {isa = PBXFileReference; explicitFileType = wrapper.application; includeInIndex = 0; path = iBeacon.app; sourceTree = BUILT_PRODUCTS_DIR; };
		84074368285057ED0081B718 /* AppDelegate.swift */ = {isa = PBXFileReference; lastKnownFileType = sourcecode.swift; path = AppDelegate.swift; sourceTree = "<group>"; };
		8407436A285057ED0081B718 /* SceneDelegate.swift */ = {isa = PBXFileReference; lastKnownFileType = sourcecode.swift; path = SceneDelegate.swift; sourceTree = "<group>"; };
		8407436C285057ED0081B718 /* ContentView.swift */ = {isa = PBXFileReference; lastKnownFileType = sourcecode.swift; path = ContentView.swift; sourceTree = "<group>"; };
		8407436E285057F90081B718 /* Assets.xcassets */ = {isa = PBXFileReference; lastKnownFileType = folder.assetcatalog; path = Assets.xcassets; sourceTree = "<group>"; };
		84074371285057F90081B718 /* Preview Assets.xcassets */ = {isa = PBXFileReference; lastKnownFileType = folder.assetcatalog; path = "Preview Assets.xcassets"; sourceTree = "<group>"; };
		84074374285057F90081B718 /* Base */ = {isa = PBXFileReference; lastKnownFileType = file.storyboard; name = Base; path = Base.lproj/LaunchScreen.storyboard; sourceTree = "<group>"; };
		84074376285057F90081B718 /* Info.plist */ = {isa = PBXFileReference; lastKnownFileType = text.plist.xml; path = Info.plist; sourceTree = "<group>"; };
		8407437B285057F90081B718 /* iBeaconTests.xctest */ = {isa = PBXFileReference; explicitFileType = wrapper.cfbundle; includeInIndex = 0; path = iBeaconTests.xctest; sourceTree = BUILT_PRODUCTS_DIR; };
		8407437F285057F90081B718 /* iBeaconTests.swift */ = {isa = PBXFileReference; lastKnownFileType = sourcecode.swift; path = iBeaconTests.swift; sourceTree = "<group>"; };
		84074381285057F90081B718 /* Info.plist */ = {isa = PBXFileReference; lastKnownFileType = text.plist.xml; path = Info.plist; sourceTree = "<group>"; };
		84074386285057FA0081B718 /* iBeaconUITests.xctest */ = {isa = PBXFileReference; explicitFileType = wrapper.cfbundle; includeInIndex = 0; path = iBeaconUITests.xctest; sourceTree = BUILT_PRODUCTS_DIR; };
		8407438A285057FA0081B718 /* iBeaconUITests.swift */ = {isa = PBXFileReference; lastKnownFileType = sourcecode.swift; path = iBeaconUITests.swift; sourceTree = "<group>"; };
		8407438C285057FA0081B718 /* Info.plist */ = {isa = PBXFileReference; lastKnownFileType = text.plist.xml; path = Info.plist; sourceTree = "<group>"; };
/* End PBXFileReference section */

/* Begin PBXFrameworksBuildPhase section */
		84074362285057EC0081B718 /* Frameworks */ = {
			isa = PBXFrameworksBuildPhase;
			buildActionMask = 2147483647;
			files = (
			);
			runOnlyForDeploymentPostprocessing = 0;
		};
		84074378285057F90081B718 /* Frameworks */ = {
			isa = PBXFrameworksBuildPhase;
			buildActionMask = 2147483647;
			files = (
			);
			runOnlyForDeploymentPostprocessing = 0;
		};
		84074383285057FA0081B718 /* Frameworks */ = {
			isa = PBXFrameworksBuildPhase;
			buildActionMask = 2147483647;
			files = (
			);
			runOnlyForDeploymentPostprocessing = 0;
		};
/* End PBXFrameworksBuildPhase section */

/* Begin PBXGroup section */
		8407435C285057EB0081B718 = {
			isa = PBXGroup;
			children = (
				84074367285057ED0081B718 /* iBeacon */,
				8407437E285057F90081B718 /* iBeaconTests */,
				84074389285057FA0081B718 /* iBeaconUITests */,
				84074366285057EC0081B718 /* Products */,
			);
			sourceTree = "<group>";
		};
		84074366285057EC0081B718 /* Products */ = {
			isa = PBXGroup;
			children = (
				84074365285057EC0081B718 /* iBeacon.app */,
				8407437B285057F90081B718 /* iBeaconTests.xctest */,
				84074386285057FA0081B718 /* iBeaconUITests.xctest */,
			);
			name = Products;
			sourceTree = "<group>";
		};
		84074367285057ED0081B718 /* iBeacon */ = {
			isa = PBXGroup;
			children = (
				84074368285057ED0081B718 /* AppDelegate.swift */,
				8407436A285057ED0081B718 /* SceneDelegate.swift */,
				8407436C285057ED0081B718 /* ContentView.swift */,
				8407436E285057F90081B718 /* Assets.xcassets */,
				84074373285057F90081B718 /* LaunchScreen.storyboard */,
				84074376285057F90081B718 /* Info.plist */,
				84074370285057F90081B718 /* Preview Content */,
			);
			path = iBeacon;
			sourceTree = "<group>";
		};
		84074370285057F90081B718 /* Preview Content */ = {
			isa = PBXGroup;
			children = (
				84074371285057F90081B718 /* Preview Assets.xcassets */,
			);
			path = "Preview Content";
			sourceTree = "<group>";
		};
		8407437E285057F90081B718 /* iBeaconTests */ = {
			isa = PBXGroup;
			children = (
				8407437F285057F90081B718 /* iBeaconTests.swift */,
				84074381285057F90081B718 /* Info.plist */,
			);
			path = iBeaconTests;
			sourceTree = "<group>";
		};
		84074389285057FA0081B718 /* iBeaconUITests */ = {
			isa = PBXGroup;
			children = (
				8407438A285057FA0081B718 /* iBeaconUITests.swift */,
				8407438C285057FA0081B718 /* Info.plist */,
			);
			path = iBeaconUITests;
			sourceTree = "<group>";
		};
/* End PBXGroup section */

/* Begin PBXNativeTarget section */
		84074364285057EC0081B718 /* iBeacon */ = {
			isa = PBXNativeTarget;
			buildConfigurationList = 8407438F285057FA0081B718 /* Build configuration list for PBXNativeTarget "iBeacon" */;
			buildPhases = (
				84074361285057EC0081B718 /* Sources */,
				84074362285057EC0081B718 /* Frameworks */,
				84074363285057EC0081B718 /* Resources */,
			);
			buildRules = (
			);
			dependencies = (
			);
			name = iBeacon;
			productName = iBeacon;
			productReference = 84074365285057EC0081B718 /* iBeacon.app */;
			productType = "com.apple.product-type.application";
		};
		8407437A285057F90081B718 /* iBeaconTests */ = {
			isa = PBXNativeTarget;
			buildConfigurationList = 84074392285057FA0081B718 /* Build configuration list for PBXNativeTarget "iBeaconTests" */;
			buildPhases = (
				84074377285057F90081B718 /* Sources */,
				84074378285057F90081B718 /* Frameworks */,
				84074379285057F90081B718 /* Resources */,
			);
			buildRules = (
			);
			dependencies = (
				8407437D285057F90081B718 /* PBXTargetDependency */,
			);
			name = iBeaconTests;
			productName = iBeaconTests;
			productReference = 8407437B285057F90081B718 /* iBeaconTests.xctest */;
			productType = "com.apple.product-type.bundle.unit-test";
		};
		84074385285057FA0081B718 /* iBeaconUITests */ = {
			isa = PBXNativeTarget;
			buildConfigurationList = 84074395285057FA0081B718 /* Build configuration list for PBXNativeTarget "iBeaconUITests" */;
			buildPhases = (
				84074382285057FA0081B718 /* Sources */,
				84074383285057FA0081B718 /* Frameworks */,
				84074384285057FA0081B718 /* Resources */,
			);
			buildRules = (
			);
			dependencies = (
				84074388285057FA0081B718 /* PBXTargetDependency */,
			);
			name = iBeaconUITests;
			productName = iBeaconUITests;
			productReference = 84074386285057FA0081B718 /* iBeaconUITests.xctest */;
			productType = "com.apple.product-type.bundle.ui-testing";
		};
/* End PBXNativeTarget section */

/* Begin PBXProject section */
		8407435D285057EB0081B718 /* Project object */ = {
			isa = PBXProject;
			attributes = {
				LastSwiftUpdateCheck = 1250;
				LastUpgradeCheck = 1250;
				TargetAttributes = {
					84074364285057EC0081B718 = {
						CreatedOnToolsVersion = 12.5.1;
					};
					8407437A285057F90081B718 = {
						CreatedOnToolsVersion = 12.5.1;
						TestTargetID = 84074364285057EC0081B718;
					};
					84074385285057FA0081B718 = {
						CreatedOnToolsVersion = 12.5.1;
						TestTargetID = 84074364285057EC0081B718;
					};
				};
			};
			buildConfigurationList = 84074360285057EB0081B718 /* Build configuration list for PBXProject "iBeacon" */;
			compatibilityVersion = "Xcode 9.3";
			developmentRegion = en;
			hasScannedForEncodings = 0;
			knownRegions = (
				en,
				Base,
			);
			mainGroup = 8407435C285057EB0081B718;
			productRefGroup = 84074366285057EC0081B718 /* Products */;
			projectDirPath = "";
			projectRoot = "";
			targets = (
				84074364285057EC0081B718 /* iBeacon */,
				8407437A285057F90081B718 /* iBeaconTests */,
				84074385285057FA0081B718 /* iBeaconUITests */,
			);
		};
/* End PBXProject section */

/* Begin PBXResourcesBuildPhase section */
		84074363285057EC0081B718 /* Resources */ = {
			isa = PBXResourcesBuildPhase;
			buildActionMask = 2147483647;
			files = (
				84074375285057F90081B718 /* LaunchScreen.storyboard in Resources */,
				84074372285057F90081B718 /* Preview Assets.xcassets in Resources */,
				8407436F285057F90081B718 /* Assets.xcassets in Resources */,
			);
			runOnlyForDeploymentPostprocessing = 0;
		};
		84074379285057F90081B718 /* Resources */ = {
			isa = PBXResourcesBuildPhase;
			buildActionMask = 2147483647;
			files = (
			);
			runOnlyForDeploymentPostprocessing = 0;
		};
		84074384285057FA0081B718 /* Resources */ = {
			isa = PBXResourcesBuildPhase;
			buildActionMask = 2147483647;
			files = (
			);
			runOnlyForDeploymentPostprocessing = 0;
		};
/* End PBXResourcesBuildPhase section */

/* Begin PBXSourcesBuildPhase section */
		84074361285057EC0081B718 /* Sources */ = {
			isa = PBXSourcesBuildPhase;
			buildActionMask = 2147483647;
			files = (
				84074369285057ED0081B718 /* AppDelegate.swift in Sources */,
				8407436B285057ED0081B718 /* SceneDelegate.swift in Sources */,
				8407436D285057ED0081B718 /* ContentView.swift in Sources */,
			);
			runOnlyForDeploymentPostprocessing = 0;
		};
		84074377285057F90081B718 /* Sources */ = {
			isa = PBXSourcesBuildPhase;
			buildActionMask = 2147483647;
			files = (
				84074380285057F90081B718 /* iBeaconTests.swift in Sources */,
			);
			runOnlyForDeploymentPostprocessing = 0;
		};
		84074382285057FA0081B718 /* Sources */ = {
			isa = PBXSourcesBuildPhase;
			buildActionMask = 2147483647;
			files = (
				8407438B285057FA0081B718 /* iBeaconUITests.swift in Sources */,
			);
			runOnlyForDeploymentPostprocessing = 0;
		};
/* End PBXSourcesBuildPhase section */

/* Begin PBXTargetDependency section */
		8407437D285057F90081B718 /* PBXTargetDependency */ = {
			isa = PBXTargetDependency;
			target = 84074364285057EC0081B718 /* iBeacon */;
			targetProxy = 8407437C285057F90081B718 /* PBXContainerItemProxy */;
		};
		84074388285057FA0081B718 /* PBXTargetDependency */ = {
			isa = PBXTargetDependency;
			target = 84074364285057EC0081B718 /* iBeacon */;
			targetProxy = 84074387285057FA0081B718 /* PBXContainerItemProxy */;
		};
/* End PBXTargetDependency section */

/* Begin PBXVariantGroup section */
		84074373285057F90081B718 /* LaunchScreen.storyboard */ = {
			isa = PBXVariantGroup;
			children = (
				84074374285057F90081B718 /* Base */,
			);
			name = LaunchScreen.storyboard;
			sourceTree = "<group>";
		};
/* End PBXVariantGroup section */

/* Begin XCBuildConfiguration section */
		8407438D285057FA0081B718 /* Debug */ = {
			isa = XCBuildConfiguration;
			buildSettings = {
				ALWAYS_SEARCH_USER_PATHS = NO;
				CLANG_ANALYZER_NONNULL = YES;
				CLANG_ANALYZER_NUMBER_OBJECT_CONVERSION = YES_AGGRESSIVE;
				CLANG_CXX_LANGUAGE_STANDARD = "gnu++14";
				CLANG_CXX_LIBRARY = "libc++";
				CLANG_ENABLE_MODULES = YES;
				CLANG_ENABLE_OBJC_ARC = YES;
				CLANG_ENABLE_OBJC_WEAK = YES;
				CLANG_WARN_BLOCK_CAPTURE_AUTORELEASING = YES;
				CLANG_WARN_BOOL_CONVERSION = YES;
				CLANG_WARN_COMMA = YES;
				CLANG_WARN_CONSTANT_CONVERSION = YES;
				CLANG_WARN_DEPRECATED_OBJC_IMPLEMENTATIONS = YES;
				CLANG_WARN_DIRECT_OBJC_ISA_USAGE = YES_ERROR;
				CLANG_WARN_DOCUMENTATION_COMMENTS = YES;
				CLANG_WARN_EMPTY_BODY = YES;
				CLANG_WARN_ENUM_CONVERSION = YES;
				CLANG_WARN_INFINITE_RECURSION = YES;
				CLANG_WARN_INT_CONVERSION = YES;
				CLANG_WARN_NON_LITERAL_NULL_CONVERSION = YES;
				CLANG_WARN_OBJC_IMPLICIT_RETAIN_SELF = YES;
				CLANG_WARN_OBJC_LITERAL_CONVERSION = YES;
				CLANG_WARN_OBJC_ROOT_CLASS = YES_ERROR;
				CLANG_WARN_QUOTED_INCLUDE_IN_FRAMEWORK_HEADER = YES;
				CLANG_WARN_RANGE_LOOP_ANALYSIS = YES;
				CLANG_WARN_STRICT_PROTOTYPES = YES;
				CLANG_WARN_SUSPICIOUS_MOVE = YES;
				CLANG_WARN_UNGUARDED_AVAILABILITY = YES_AGGRESSIVE;
				CLANG_WARN_UNREACHABLE_CODE = YES;
				CLANG_WARN__DUPLICATE_METHOD_MATCH = YES;
				COPY_PHASE_STRIP = NO;
				DEBUG_INFORMATION_FORMAT = dwarf;
				ENABLE_STRICT_OBJC_MSGSEND = YES;
				ENABLE_TESTABILITY = YES;
				GCC_C_LANGUAGE_STANDARD = gnu11;
				GCC_DYNAMIC_NO_PIC = NO;
				GCC_NO_COMMON_BLOCKS = YES;
				GCC_OPTIMIZATION_LEVEL = 0;
				GCC_PREPROCESSOR_DEFINITIONS = (
					"DEBUG=1",
					"$(inherited)",
				);
				GCC_WARN_64_TO_32_BIT_CONVERSION = YES;
				GCC_WARN_ABOUT_RETURN_TYPE = YES_ERROR;
				GCC_WARN_UNDECLARED_SELECTOR = YES;
				GCC_WARN_UNINITIALIZED_AUTOS = YES_AGGRESSIVE;
				GCC_WARN_UNUSED_FUNCTION = YES;
				GCC_WARN_UNUSED_VARIABLE = YES;
				IPHONEOS_DEPLOYMENT_TARGET = 14.5;
				MTL_ENABLE_DEBUG_INFO = INCLUDE_SOURCE;
				MTL_FAST_MATH = YES;
				ONLY_ACTIVE_ARCH = YES;
				SDKROOT = iphoneos;
				SWIFT_ACTIVE_COMPILATION_CONDITIONS = DEBUG;
				SWIFT_OPTIMIZATION_LEVEL = "-Onone";
			};
			name = Debug;
		};
		8407438E285057FA0081B718 /* Release */ = {
			isa = XCBuildConfiguration;
			buildSettings = {
				ALWAYS_SEARCH_USER_PATHS = NO;
				CLANG_ANALYZER_NONNULL = YES;
				CLANG_ANALYZER_NUMBER_OBJECT_CONVERSION = YES_AGGRESSIVE;
				CLANG_CXX_LANGUAGE_STANDARD = "gnu++14";
				CLANG_CXX_LIBRARY = "libc++";
				CLANG_ENABLE_MODULES = YES;
				CLANG_ENABLE_OBJC_ARC = YES;
				CLANG_ENABLE_OBJC_WEAK = YES;
				CLANG_WARN_BLOCK_CAPTURE_AUTORELEASING = YES;
				CLANG_WARN_BOOL_CONVERSION = YES;
				CLANG_WARN_COMMA = YES;
				CLANG_WARN_CONSTANT_CONVERSION = YES;
				CLANG_WARN_DEPRECATED_OBJC_IMPLEMENTATIONS = YES;
				CLANG_WARN_DIRECT_OBJC_ISA_USAGE = YES_ERROR;
				CLANG_WARN_DOCUMENTATION_COMMENTS = YES;
				CLANG_WARN_EMPTY_BODY = YES;
				CLANG_WARN_ENUM_CONVERSION = YES;
				CLANG_WARN_INFINITE_RECURSION = YES;
				CLANG_WARN_INT_CONVERSION = YES;
				CLANG_WARN_NON_LITERAL_NULL_CONVERSION = YES;
				CLANG_WARN_OBJC_IMPLICIT_RETAIN_SELF = YES;
				CLANG_WARN_OBJC_LITERAL_CONVERSION = YES;
				CLANG_WARN_OBJC_ROOT_CLASS = YES_ERROR;
				CLANG_WARN_QUOTED_INCLUDE_IN_FRAMEWORK_HEADER = YES;
				CLANG_WARN_RANGE_LOOP_ANALYSIS = YES;
				CLANG_WARN_STRICT_PROTOTYPES = YES;
				CLANG_WARN_SUSPICIOUS_MOVE = YES;
				CLANG_WARN_UNGUARDED_AVAILABILITY = YES_AGGRESSIVE;
				CLANG_WARN_UNREACHABLE_CODE = YES;
				CLANG_WARN__DUPLICATE_METHOD_MATCH = YES;
				COPY_PHASE_STRIP = NO;
				DEBUG_INFORMATION_FORMAT = "dwarf-with-dsym";
				ENABLE_NS_ASSERTIONS = NO;
				ENABLE_STRICT_OBJC_MSGSEND = YES;
				GCC_C_LANGUAGE_STANDARD = gnu11;
				GCC_NO_COMMON_BLOCKS = YES;
				GCC_WARN_64_TO_32_BIT_CONVERSION = YES;
				GCC_WARN_ABOUT_RETURN_TYPE = YES_ERROR;
				GCC_WARN_UNDECLARED_SELECTOR = YES;
				GCC_WARN_UNINITIALIZED_AUTOS = YES_AGGRESSIVE;
				GCC_WARN_UNUSED_FUNCTION = YES;
				GCC_WARN_UNUSED_VARIABLE = YES;
				IPHONEOS_DEPLOYMENT_TARGET = 14.5;
				MTL_ENABLE_DEBUG_INFO = NO;
				MTL_FAST_MATH = YES;
				SDKROOT = iphoneos;
				SWIFT_COMPILATION_MODE = wholemodule;
				SWIFT_OPTIMIZATION_LEVEL = "-O";
				VALIDATE_PRODUCT = YES;
			};
			name = Release;
		};
		84074390285057FA0081B718 /* Debug */ = {
			isa = XCBuildConfiguration;
			buildSettings = {
				ASSETCATALOG_COMPILER_APPICON_NAME = AppIcon;
				ASSETCATALOG_COMPILER_GLOBAL_ACCENT_COLOR_NAME = AccentColor;
				CODE_SIGN_STYLE = Automatic;
				DEVELOPMENT_ASSET_PATHS = "\"iBeacon/Preview Content\"";
				DEVELOPMENT_TEAM = QLBQS2USD4;
				ENABLE_PREVIEWS = YES;
				INFOPLIST_FILE = iBeacon/Info.plist;
				LD_RUNPATH_SEARCH_PATHS = (
					"$(inherited)",
					"@executable_path/Frameworks",
				);
				PRODUCT_BUNDLE_IDENTIFIER = vn.mekosoft.covid.infection.iBeacon;
				PRODUCT_NAME = "$(TARGET_NAME)";
				SWIFT_VERSION = 5.0;
				TARGETED_DEVICE_FAMILY = "1,2";
			};
			name = Debug;
		};
		84074391285057FA0081B718 /* Release */ = {
			isa = XCBuildConfiguration;
			buildSettings = {
				ASSETCATALOG_COMPILER_APPICON_NAME = AppIcon;
				ASSETCATALOG_COMPILER_GLOBAL_ACCENT_COLOR_NAME = AccentColor;
				CODE_SIGN_STYLE = Automatic;
				DEVELOPMENT_ASSET_PATHS = "\"iBeacon/Preview Content\"";
				DEVELOPMENT_TEAM = QLBQS2USD4;
				ENABLE_PREVIEWS = YES;
				INFOPLIST_FILE = iBeacon/Info.plist;
				LD_RUNPATH_SEARCH_PATHS = (
					"$(inherited)",
					"@executable_path/Frameworks",
				);
				PRODUCT_BUNDLE_IDENTIFIER = vn.mekosoft.covid.infection.iBeacon;
				PRODUCT_NAME = "$(TARGET_NAME)";
				SWIFT_VERSION = 5.0;
				TARGETED_DEVICE_FAMILY = "1,2";
			};
			name = Release;
		};
		84074393285057FA0081B718 /* Debug */ = {
			isa = XCBuildConfiguration;
			buildSettings = {
				ALWAYS_EMBED_SWIFT_STANDARD_LIBRARIES = YES;
				BUNDLE_LOADER = "$(TEST_HOST)";
				CODE_SIGN_STYLE = Automatic;
				DEVELOPMENT_TEAM = QLBQS2USD4;
				INFOPLIST_FILE = iBeaconTests/Info.plist;
				IPHONEOS_DEPLOYMENT_TARGET = 14.5;
				LD_RUNPATH_SEARCH_PATHS = (
					"$(inherited)",
					"@executable_path/Frameworks",
					"@loader_path/Frameworks",
				);
				PRODUCT_BUNDLE_IDENTIFIER = vn.mekosoft.covid.infection.iBeaconTests;
				PRODUCT_NAME = "$(TARGET_NAME)";
				SWIFT_VERSION = 5.0;
				TARGETED_DEVICE_FAMILY = "1,2";
				TEST_HOST = "$(BUILT_PRODUCTS_DIR)/iBeacon.app/iBeacon";
			};
			name = Debug;
		};
		84074394285057FA0081B718 /* Release */ = {
			isa = XCBuildConfiguration;
			buildSettings = {
				ALWAYS_EMBED_SWIFT_STANDARD_LIBRARIES = YES;
				BUNDLE_LOADER = "$(TEST_HOST)";
				CODE_SIGN_STYLE = Automatic;
				DEVELOPMENT_TEAM = QLBQS2USD4;
				INFOPLIST_FILE = iBeaconTests/Info.plist;
				IPHONEOS_DEPLOYMENT_TARGET = 14.5;
				LD_RUNPATH_SEARCH_PATHS = (
					"$(inherited)",
					"@executable_path/Frameworks",
					"@loader_path/Frameworks",
				);
				PRODUCT_BUNDLE_IDENTIFIER = vn.mekosoft.covid.infection.iBeaconTests;
				PRODUCT_NAME = "$(TARGET_NAME)";
				SWIFT_VERSION = 5.0;
				TARGETED_DEVICE_FAMILY = "1,2";
				TEST_HOST = "$(BUILT_PRODUCTS_DIR)/iBeacon.app/iBeacon";
			};
			name = Release;
		};
		84074396285057FA0081B718 /* Debug */ = {
			isa = XCBuildConfiguration;
			buildSettings = {
				ALWAYS_EMBED_SWIFT_STANDARD_LIBRARIES = YES;
				CODE_SIGN_STYLE = Automatic;
				DEVELOPMENT_TEAM = QLBQS2USD4;
				INFOPLIST_FILE = iBeaconUITests/Info.plist;
				LD_RUNPATH_SEARCH_PATHS = (
					"$(inherited)",
					"@executable_path/Frameworks",
					"@loader_path/Frameworks",
				);
				PRODUCT_BUNDLE_IDENTIFIER = vn.mekosoft.covid.infection.iBeaconUITests;
				PRODUCT_NAME = "$(TARGET_NAME)";
				SWIFT_VERSION = 5.0;
				TARGETED_DEVICE_FAMILY = "1,2";
				TEST_TARGET_NAME = iBeacon;
			};
			name = Debug;
		};
		84074397285057FA0081B718 /* Release */ = {
			isa = XCBuildConfiguration;
			buildSettings = {
				ALWAYS_EMBED_SWIFT_STANDARD_LIBRARIES = YES;
				CODE_SIGN_STYLE = Automatic;
				DEVELOPMENT_TEAM = QLBQS2USD4;
				INFOPLIST_FILE = iBeaconUITests/Info.plist;
				LD_RUNPATH_SEARCH_PATHS = (
					"$(inherited)",
					"@executable_path/Frameworks",
					"@loader_path/Frameworks",
				);
				PRODUCT_BUNDLE_IDENTIFIER = vn.mekosoft.covid.infection.iBeaconUITests;
				PRODUCT_NAME = "$(TARGET_NAME)";
				SWIFT_VERSION = 5.0;
				TARGETED_DEVICE_FAMILY = "1,2";
				TEST_TARGET_NAME = iBeacon;
			};
			name = Release;
		};
/* End XCBuildConfiguration section */

/* Begin XCConfigurationList section */
		84074360285057EB0081B718 /* Build configuration list for PBXProject "iBeacon" */ = {
			isa = XCConfigurationList;
			buildConfigurations = (
				8407438D285057FA0081B718 /* Debug */,
				8407438E285057FA0081B718 /* Release */,
			);
			defaultConfigurationIsVisible = 0;
			defaultConfigurationName = Release;
		};
		8407438F285057FA0081B718 /* Build configuration list for PBXNativeTarget "iBeacon" */ = {
			isa = XCConfigurationList;
			buildConfigurations = (
				84074390285057FA0081B718 /* Debug */,
				84074391285057FA0081B718 /* Release */,
			);
			defaultConfigurationIsVisible = 0;
			defaultConfigurationName = Release;
		};
		84074392285057FA0081B718 /* Build configuration list for PBXNativeTarget "iBeaconTests" */ = {
			isa = XCConfigurationList;
			buildConfigurations = (
				84074393285057FA0081B718 /* Debug */,
				84074394285057FA0081B718 /* Release */,
			);
			defaultConfigurationIsVisible = 0;
			defaultConfigurationName = Release;
		};
		84074395285057FA0081B718 /* Build configuration list for PBXNativeTarget "iBeaconUITests" */ = {
			isa = XCConfigurationList;
			buildConfigurations = (
				84074396285057FA0081B718 /* Debug */,
				84074397285057FA0081B718 /* Release */,
			);
			defaultConfigurationIsVisible = 0;
			defaultConfigurationName = Release;
		};
/* End XCConfigurationList section */
	};
	rootObject = 8407435D285057EB0081B718 /* Project object */;
}
